
Microsoft Visual Studio Solution File, Format Version 12.00
# Visual Studio Version 17
VisualStudioVersion = 17.5.002.0
MinimumVisualStudioVersion = 10.0.40219.1
Project("{9A19103F-16F7-4668-BE54-9A1E7A4F7556}") = "calculator", "calculator.csproj", "{FB4FD57D-ED99-40DB-A0F1-BE9E55531285}"
EndProject
Global
	GlobalSection(SolutionConfigurationPlatforms) = preSolution
		Debug|Any CPU = Debug|Any CPU
		Release|Any CPU = Release|Any CPU
	EndGlobalSection
	GlobalSection(ProjectConfigurationPlatforms) = postSolution
		{FB4FD57D-ED99-40DB-A0F1-BE9E55531285}.Debug|Any CPU.ActiveCfg = Debug|Any CPU
		{FB4FD57D-ED99-40DB-A0F1-BE9E55531285}.Debug|Any CPU.Build.0 = Debug|Any CPU
		{FB4FD57D-ED99-40DB-A0F1-BE9E55531285}.Release|Any CPU.ActiveCfg = Release|Any CPU
		{FB4FD57D-ED99-40DB-A0F1-BE9E55531285}.Release|Any CPU.Build.0 = Release|Any CPU
	EndGlobalSection
	GlobalSection(SolutionProperties) = preSolution
		HideSolutionNode = FALSE
	EndGlobalSection
	GlobalSection(ExtensibilityGlobals) = postSolution
		SolutionGuid = {73FBA306-5290-46BC-A7E7-402904BEF8B5}
	EndGlobalSection
EndGlobal
